<?xml version="1.0" encoding="UTF-8" standalone="yes" ?>
<CodeBlocks_project_file>
	<FileVersion major="1" minor="6" />
	<Project>
		<Option title="fifa" />
		<Option pch_mode="2" />
		<Option compiler="gcc" />
		<Build>
			<Target title="Debug">
				<Option output="bin/Debug/fifa" prefix_auto="1" extension_auto="1" />
				<Option object_output="obj/Debug/" />
				<Option type="1" />
				<Option compiler="gcc" />
				<Compiler>
					<Add option="-g" />
				</Compiler>
			</Target>
			<Target title="Release">
				<Option output="bin/Release/fifa" prefix_auto="1" extension_auto="1" />
				<Option object_output="obj/Release/" />
				<Option type="1" />
				<Option compiler="gcc" />
				<Compiler>
					<Add option="-O2" />
				</Compiler>
				<Linker>
					<Add option="-s" />
				</Linker>
			</Target>
		</Build>
		<Compiler>
			<Add option="-Wall" />
			<Add option="-fexceptions" />
		</Compiler>
		<Unit filename="Igrac.h" />
		<Unit filename="account.h" />
		<Unit filename="covek.h" />
		<Unit filename="dinstring.hpp" />
		<Unit filename="doktor.h" />
		<Unit filename="dres.h" />
		<Unit filename="klub.h" />
		<Unit filename="komentator.h" />
		<Unit filename="list.hpp" />
		<Unit filename="lopta.h" />
		<Unit filename="main.cpp" />
		<Unit filename="mec.h" />
		<Unit filename="pack.h" />
		<Unit filename="reprezentacija.h" />
		<Unit filename="stadion.h" />
		<Unit filename="sudija.h" />
		<Unit filename="tabela.h" />
		<Unit filename="takmicenje.h" />
		<Unit filename="tim.h" />
		<Unit filename="trener.h" />
		<Unit filename="tribina.h" />
		<Unit filename="ultimate_team.h" />
		<Unit filename="weather.h" />
		<Extensions>
			<lib_finder disable_auto="1" />
		</Extensions>
	</Project>
</CodeBlocks_project_file>
